<?xml version="1.0"?>
<CONFIG>
  <ProjectOptions>
    <PathDelim Value="\"/>
    <Version Value="6"/>
    <General>
      <MainUnit Value="0"/>
      <IconPath Value="./"/>
      <TargetFileExt Value=".exe"/>
    </General>
    <VersionInfo>
      <ProjectVersion Value=""/>
      <Language Value=""/>
      <CharSet Value=""/>
    </VersionInfo>
    <PublishOptions>
      <Version Value="2"/>
      <IgnoreBinaries Value="False"/>
      <IncludeFileFilter Value="*.(pas|pp|inc|lfm|lpr|lrs|lpi|lpk|sh|xml)"/>
      <ExcludeFileFilter Value="*.(bak|ppu|ppw|o|so);*~;backup"/>
    </PublishOptions>
    <RunParams>
      <local>
        <FormatVersion Value="1"/>
        <LaunchingApplication PathPlusParams="/usr/X11R6/bin/xterm -T 'Lazarus Run Output' -e $(LazarusDir)/tools/runwait.sh $(TargetCmdLine)"/>
      </local>
    </RunParams>
    <RequiredPackages Count="1">
      <Item1>
        <PackageName Value="LCL"/>
      </Item1>
    </RequiredPackages>
    <Units Count="6">
      <Unit0>
        <Filename Value="PlacesEdit.lpr"/>
        <IsPartOfProject Value="True"/>
        <UnitName Value="PlacesEdit"/>
        <UsageCount Value="21"/>
      </Unit0>
      <Unit1>
        <Filename Value="main.pas"/>
        <ComponentName Value="Form1"/>
        <IsPartOfProject Value="True"/>
        <ResourceFilename Value="main.lrs"/>
        <UnitName Value="main"/>
        <CursorPos X="18" Y="37"/>
        <TopLine Value="1"/>
        <UsageCount Value="21"/>
      </Unit1>
      <Unit2>
        <Filename Value="..\..\..\lazarus\fpc\2.2.0\source\packages\base\winunits\shlobj.pp"/>
        <UnitName Value="shlobj"/>
        <CursorPos X="31" Y="22"/>
        <TopLine Value="1"/>
        <UsageCount Value="10"/>
      </Unit2>
      <Unit3>
        <Filename Value="..\..\..\lazarus\lcl\dialogs.pp"/>
        <UnitName Value="Dialogs"/>
        <CursorPos X="10" Y="496"/>
        <TopLine Value="475"/>
        <UsageCount Value="10"/>
      </Unit3>
      <Unit4>
        <Filename Value="..\..\..\lazarus\fpc\2.2.0\source\packages\fcl-registry\src\registry.pp"/>
        <UnitName Value="registry"/>
        <CursorPos X="1" Y="222"/>
        <TopLine Value="57"/>
        <UsageCount Value="10"/>
      </Unit4>
      <Unit5>
        <Filename Value="..\..\..\lazarus\fpc\2.2.0\source\rtl\inc\except.inc"/>
        <CursorPos X="1" Y="202"/>
        <TopLine Value="181"/>
        <UsageCount Value="10"/>
      </Unit5>
    </Units>
    <JumpHistory Count="0" HistoryIndex="-1"/>
  </ProjectOptions>
  <CompilerOptions>
    <Version Value="5"/>
    <PathDelim Value="\"/>
    <CodeGeneration>
      <Generate Value="Faster"/>
    </CodeGeneration>
    <Linking>
      <Options>
        <Win32>
          <GraphicApplication Value="True"/>
        </Win32>
      </Options>
    </Linking>
    <Other>
      <CompilerPath Value="$(CompPath)"/>
    </Other>
  </CompilerOptions>
  <Debugging>
    <Watches Count="1">
      <Item1>
        <Expression Value="RootKeys"/>
      </Item1>
    </Watches>
    <Exceptions Count="2">
      <Item1>
        <Name Value="ECodetoolError"/>
      </Item1>
      <Item2>
        <Name Value="EFOpenError"/>
      </Item2>
    </Exceptions>
  </Debugging>
</CONFIG>
